{
  "pins" : [
    {
      "identity" : "heinhelpers",
      "kind" : "remoteSourceControl",
      "location" : "https://github.com/marchein/HeinHelpers.git",
      "state" : {
        "revision" : "d11ffab201dd5ca0c175e959784327331216c42b",
        "version" : "1.1.4"
      }
    },
    {
      "identity" : "matomo-sdk-ios",
      "kind" : "remoteSourceControl",
      "location" : "https://github.com/matomo-org/matomo-sdk-ios.git",
      "state" : {
        "branch" : "develop",
        "revision" : "dacc233f702c49f6140074a1da5f5c22172b092a"
      }
    }
  ],
  "version" : 2
}
