PODS:
  - IQKeyboardManagerSwift (6.5.6)
  - JGProgressHUD (2.1)

DEPENDENCIES:
  - IQKeyboardManagerSwift
  - JGProgressHUD

SPEC REPOS:
  trunk:
    - IQKeyboardManagerSwift
    - JGProgressHUD

SPEC CHECKSUMS:
  IQKeyboardManagerSwift: c7df9d2deb356c04522f5c4b7b6e4ce4d8ed94fe
  JGProgressHUD: aa403e9a5b45cae98903c4600cccdd98c0c3ec90

PODFILE CHECKSUM: fe7e7f1c29ed32d297c5cbc73cd91bb56600b3ed

COCOAPODS: 1.9.3
