{
  "originHash" : "53acd2171453b7d5fef60f9a75222c055a320846a44ee608c4bd63304f0c74a4",
  "pins" : [
    {
      "identity" : "heinhelpers",
      "kind" : "remoteSourceControl",
      "location" : "https://github.com/marchein/HeinHelpers.git",
      "state" : {
        "revision" : "4122bcccf6551c8ab1f52fad7e9a2f30ef9cd621",
        "version" : "1.2.1"
      }
    },
    {
      "identity" : "matomo-sdk-ios",
      "kind" : "remoteSourceControl",
      "location" : "https://github.com/matomo-org/matomo-sdk-ios.git",
      "state" : {
        "revision" : "82a1f3b18215381e2133d98b7cc09b5a855ff99d",
        "version" : "7.7.0"
      }
    },
    {
      "identity" : "simulatorstatusmagic",
      "kind" : "remoteSourceControl",
      "location" : "https://github.com/shinydevelopment/SimulatorStatusMagic",
      "state" : {
        "revision" : "76095ec820674457a11dc3cc621d8a5c369eea0e",
        "version" : "2.7.0"
      }
    },
    {
      "identity" : "whatsnewkit",
      "kind" : "remoteSourceControl",
      "location" : "https://github.com/SvenTiigi/WhatsNewKit.git",
      "state" : {
        "revision" : "6157c77e8be9b3d2310bc680681b61a8d9e290ac",
        "version" : "2.2.1"
      }
    }
  ],
  "version" : 3
}
